PODS:
  - Flutter (1.0.0)
  - ftuiplayer_kit (1.0.1):
    - Flutter
    - tsrClient
    - TUIPlayerCore/Player_Premium
    - TUIPlayerShortVideo/Player_Premium
    - TXCMonetPlugin
    - TXLiteAVSDK_Player_Premium
  - integration_test (0.0.1):
    - Flutter
  - Masonry (1.1.0)
  - SDWebImage (5.20.0):
    - SDWebImage/Core (= 5.20.0)
  - SDWebImage/Core (5.20.0)
  - tsrClient (1.2.0)
  - TUIPlayerCore/Player_Premium (2.0.3):
    - TXLiteAVSDK_Player_Premium (>= 11.4.0)
  - TUIPlayerShortVideo/Player_Premium (2.0.3):
    - Masonry
    - SDWebImage
    - TUIPlayerCore/Player_Premium
  - TXCMonetPlugin (1.2.0)
  - TXLiteAVSDK_Player_Premium (12.2.16956)

DEPENDENCIES:
  - Flutter (from `Flutter`)
  - ftuiplayer_kit (from `.symlinks/plugins/ftuiplayer_kit/ios`)
  - integration_test (from `.symlinks/plugins/integration_test/ios`)
  - tsrClient (from `../../ios/tsrClient/`)
  - TUIPlayerCore/Player_Premium (from `../../ios/TUIPlayerCoreSDK/`)
  - TUIPlayerShortVideo/Player_Premium (from `../../ios/TUIPlayerShortVideoSDK/`)
  - TXCMonetPlugin (from `../../ios/TXCMonetPlugin/`)

SPEC REPOS:
  trunk:
    - Masonry
    - SDWebImage
    - TXLiteAVSDK_Player_Premium

EXTERNAL SOURCES:
  Flutter:
    :path: Flutter
  ftuiplayer_kit:
    :path: ".symlinks/plugins/ftuiplayer_kit/ios"
  integration_test:
    :path: ".symlinks/plugins/integration_test/ios"
  tsrClient:
    :path: "../../ios/tsrClient/"
  TUIPlayerCore:
    :path: "../../ios/TUIPlayerCoreSDK/"
  TUIPlayerShortVideo:
    :path: "../../ios/TUIPlayerShortVideoSDK/"
  TXCMonetPlugin:
    :path: "../../ios/TXCMonetPlugin/"

SPEC CHECKSUMS:
  Flutter: e0871f40cf51350855a761d2e70bf5af5b9b5de7
  ftuiplayer_kit: 41706da5a04e3a2da24614a26d24ecca307e9cbe
  integration_test: 252f60fa39af5e17c3aa9899d35d908a0721b573
  Masonry: 678fab65091a9290e40e2832a55e7ab731aad201
  SDWebImage: 73c6079366fea25fa4bb9640d5fb58f0893facd8
  tsrClient: 303584fbfed963ee7e64fa5c19be75df17f29787
  TUIPlayerCore: f1e7a97a41a60f903c9c16f9e3f106ec75c8b42e
  TUIPlayerShortVideo: 48f74449f119888f479c9c848303564a65cb342c
  TXCMonetPlugin: 6ddbc03685d6e7813e56fc864a372e82e0592e91
  TXLiteAVSDK_Player_Premium: 27a23176ee2cce6196a08c99f82cb5524f79b930

PODFILE CHECKSUM: 955c72fdd30d744606ac2b3de20266f1744aa7c8

COCOAPODS: 1.15.2
